
Microsoft Visual Studio Solution File, Format Version 12.00
# Visual Studio 2012
Project("{FAE04EC0-301F-11D3-BF4B-00C04F79EFBC}") = "FindBack.Core", "FindBack.Core\FindBack.Core.csproj", "{6F5DB9AB-36C3-4213-9383-530E3FBECE05}"
EndProject
Project("{FAE04EC0-301F-11D3-BF4B-00C04F79EFBC}") = "FindBack.Core.Test", "FindBack.Core.Test\FindBack.Core.Test.csproj", "{4D04AA4C-39AE-4266-B0D0-67E806B500CC}"
EndProject
Project("{FAE04EC0-301F-11D3-BF4B-00C04F79EFBC}") = "FindBack.Droid", "FindBack.Droid\FindBack.Droid.csproj", "{4FC3AD8C-FCD7-40A4-BAF9-CFC4D4E786FD}"
EndProject
Global
	GlobalSection(SolutionConfigurationPlatforms) = preSolution
		Debug|Any CPU = Debug|Any CPU
		Release|Any CPU = Release|Any CPU
	EndGlobalSection
	GlobalSection(ProjectConfigurationPlatforms) = postSolution
		{4D04AA4C-39AE-4266-B0D0-67E806B500CC}.Debug|Any CPU.ActiveCfg = Debug|Any CPU
		{4D04AA4C-39AE-4266-B0D0-67E806B500CC}.Debug|Any CPU.Build.0 = Debug|Any CPU
		{4D04AA4C-39AE-4266-B0D0-67E806B500CC}.Release|Any CPU.ActiveCfg = Release|Any CPU
		{4D04AA4C-39AE-4266-B0D0-67E806B500CC}.Release|Any CPU.Build.0 = Release|Any CPU
		{4FC3AD8C-FCD7-40A4-BAF9-CFC4D4E786FD}.Debug|Any CPU.ActiveCfg = Debug|Any CPU
		{4FC3AD8C-FCD7-40A4-BAF9-CFC4D4E786FD}.Debug|Any CPU.Build.0 = Debug|Any CPU
		{4FC3AD8C-FCD7-40A4-BAF9-CFC4D4E786FD}.Debug|Any CPU.Deploy.0 = Debug|Any CPU
		{4FC3AD8C-FCD7-40A4-BAF9-CFC4D4E786FD}.Release|Any CPU.ActiveCfg = Release|Any CPU
		{4FC3AD8C-FCD7-40A4-BAF9-CFC4D4E786FD}.Release|Any CPU.Build.0 = Release|Any CPU
		{4FC3AD8C-FCD7-40A4-BAF9-CFC4D4E786FD}.Release|Any CPU.Deploy.0 = Release|Any CPU
		{6F5DB9AB-36C3-4213-9383-530E3FBECE05}.Debug|Any CPU.ActiveCfg = Debug|Any CPU
		{6F5DB9AB-36C3-4213-9383-530E3FBECE05}.Debug|Any CPU.Build.0 = Debug|Any CPU
		{6F5DB9AB-36C3-4213-9383-530E3FBECE05}.Release|Any CPU.ActiveCfg = Release|Any CPU
		{6F5DB9AB-36C3-4213-9383-530E3FBECE05}.Release|Any CPU.Build.0 = Release|Any CPU
	EndGlobalSection
	GlobalSection(MonoDevelopProperties) = preSolution
		StartupItem = FindBack.Droid\FindBack.Droid.csproj
	EndGlobalSection
	GlobalSection(SolutionProperties) = preSolution
		HideSolutionNode = FALSE
	EndGlobalSection
EndGlobal
