
Microsoft Visual Studio Solution File, Format Version 12.00
# Visual Studio 2013
VisualStudioVersion = 12.0.21005.1
MinimumVisualStudioVersion = 10.0.40219.1
Project("{FAE04EC0-301F-11D3-BF4B-00C04F79EFBC}") = "FindBack.Core", "FindBack.Core\FindBack.Core.csproj", "{6F5DB9AB-36C3-4213-9383-530E3FBECE05}"
EndProject
Project("{FAE04EC0-301F-11D3-BF4B-00C04F79EFBC}") = "FindBack.Core.Test", "FindBack.Core.Test\FindBack.Core.Test.csproj", "{4D04AA4C-39AE-4266-B0D0-67E806B500CC}"
EndProject
Project("{FAE04EC0-301F-11D3-BF4B-00C04F79EFBC}") = "FindBack.Droid", "FindBack.Droid\FindBack.Droid.csproj", "{4FC3AD8C-FCD7-40A4-BAF9-CFC4D4E786FD}"
EndProject
Project("{FAE04EC0-301F-11D3-BF4B-00C04F79EFBC}") = "FindBack.Phone", "FindBack.Phone\FindBack.Phone.csproj", "{FE14CFAC-2930-42C8-8070-E8BE69426A1A}"
EndProject
Project("{FAE04EC0-301F-11D3-BF4B-00C04F79EFBC}") = "FindBack.Touch", "FindBack.Touch\FindBack.Touch.csproj", "{7A8EF25E-0ACF-4301-9E39-E31CE3EA95A4}"
EndProject
Global
	GlobalSection(SolutionConfigurationPlatforms) = preSolution
		Ad-Hoc|Any CPU = Ad-Hoc|Any CPU
		Ad-Hoc|ARM = Ad-Hoc|ARM
		Ad-Hoc|iPhone = Ad-Hoc|iPhone
		Ad-Hoc|iPhoneSimulator = Ad-Hoc|iPhoneSimulator
		Ad-Hoc|Mixed Platforms = Ad-Hoc|Mixed Platforms
		Ad-Hoc|x86 = Ad-Hoc|x86
		AppStore|Any CPU = AppStore|Any CPU
		AppStore|ARM = AppStore|ARM
		AppStore|iPhone = AppStore|iPhone
		AppStore|iPhoneSimulator = AppStore|iPhoneSimulator
		AppStore|Mixed Platforms = AppStore|Mixed Platforms
		AppStore|x86 = AppStore|x86
		Debug|Any CPU = Debug|Any CPU
		Debug|ARM = Debug|ARM
		Debug|iPhone = Debug|iPhone
		Debug|iPhoneSimulator = Debug|iPhoneSimulator
		Debug|Mixed Platforms = Debug|Mixed Platforms
		Debug|x86 = Debug|x86
		Release|Any CPU = Release|Any CPU
		Release|ARM = Release|ARM
		Release|iPhone = Release|iPhone
		Release|iPhoneSimulator = Release|iPhoneSimulator
		Release|Mixed Platforms = Release|Mixed Platforms
		Release|x86 = Release|x86
	EndGlobalSection
	GlobalSection(ProjectConfigurationPlatforms) = postSolution
		{4D04AA4C-39AE-4266-B0D0-67E806B500CC}.Ad-Hoc|Any CPU.ActiveCfg = Release|Any CPU
		{4D04AA4C-39AE-4266-B0D0-67E806B500CC}.Ad-Hoc|Any CPU.Build.0 = Release|Any CPU
		{4D04AA4C-39AE-4266-B0D0-67E806B500CC}.Ad-Hoc|ARM.ActiveCfg = Release|Any CPU
		{4D04AA4C-39AE-4266-B0D0-67E806B500CC}.Ad-Hoc|iPhone.ActiveCfg = Release|Any CPU
		{4D04AA4C-39AE-4266-B0D0-67E806B500CC}.Ad-Hoc|iPhoneSimulator.ActiveCfg = Release|Any CPU
		{4D04AA4C-39AE-4266-B0D0-67E806B500CC}.Ad-Hoc|Mixed Platforms.ActiveCfg = Release|Any CPU
		{4D04AA4C-39AE-4266-B0D0-67E806B500CC}.Ad-Hoc|Mixed Platforms.Build.0 = Release|Any CPU
		{4D04AA4C-39AE-4266-B0D0-67E806B500CC}.Ad-Hoc|x86.ActiveCfg = Release|Any CPU
		{4D04AA4C-39AE-4266-B0D0-67E806B500CC}.AppStore|Any CPU.ActiveCfg = Release|Any CPU
		{4D04AA4C-39AE-4266-B0D0-67E806B500CC}.AppStore|Any CPU.Build.0 = Release|Any CPU
		{4D04AA4C-39AE-4266-B0D0-67E806B500CC}.AppStore|ARM.ActiveCfg = Release|Any CPU
		{4D04AA4C-39AE-4266-B0D0-67E806B500CC}.AppStore|iPhone.ActiveCfg = Release|Any CPU
		{4D04AA4C-39AE-4266-B0D0-67E806B500CC}.AppStore|iPhoneSimulator.ActiveCfg = Release|Any CPU
		{4D04AA4C-39AE-4266-B0D0-67E806B500CC}.AppStore|Mixed Platforms.ActiveCfg = Release|Any CPU
		{4D04AA4C-39AE-4266-B0D0-67E806B500CC}.AppStore|Mixed Platforms.Build.0 = Release|Any CPU
		{4D04AA4C-39AE-4266-B0D0-67E806B500CC}.AppStore|x86.ActiveCfg = Release|Any CPU
		{4D04AA4C-39AE-4266-B0D0-67E806B500CC}.Debug|Any CPU.ActiveCfg = Debug|Any CPU
		{4D04AA4C-39AE-4266-B0D0-67E806B500CC}.Debug|Any CPU.Build.0 = Debug|Any CPU
		{4D04AA4C-39AE-4266-B0D0-67E806B500CC}.Debug|ARM.ActiveCfg = Debug|Any CPU
		{4D04AA4C-39AE-4266-B0D0-67E806B500CC}.Debug|iPhone.ActiveCfg = Debug|Any CPU
		{4D04AA4C-39AE-4266-B0D0-67E806B500CC}.Debug|iPhone.Build.0 = Debug|Any CPU
		{4D04AA4C-39AE-4266-B0D0-67E806B500CC}.Debug|iPhoneSimulator.ActiveCfg = Debug|Any CPU
		{4D04AA4C-39AE-4266-B0D0-67E806B500CC}.Debug|Mixed Platforms.ActiveCfg = Debug|Any CPU
		{4D04AA4C-39AE-4266-B0D0-67E806B500CC}.Debug|Mixed Platforms.Build.0 = Debug|Any CPU
		{4D04AA4C-39AE-4266-B0D0-67E806B500CC}.Debug|x86.ActiveCfg = Debug|Any CPU
		{4D04AA4C-39AE-4266-B0D0-67E806B500CC}.Release|Any CPU.ActiveCfg = Release|Any CPU
		{4D04AA4C-39AE-4266-B0D0-67E806B500CC}.Release|Any CPU.Build.0 = Release|Any CPU
		{4D04AA4C-39AE-4266-B0D0-67E806B500CC}.Release|ARM.ActiveCfg = Release|Any CPU
		{4D04AA4C-39AE-4266-B0D0-67E806B500CC}.Release|iPhone.ActiveCfg = Release|Any CPU
		{4D04AA4C-39AE-4266-B0D0-67E806B500CC}.Release|iPhoneSimulator.ActiveCfg = Release|Any CPU
		{4D04AA4C-39AE-4266-B0D0-67E806B500CC}.Release|Mixed Platforms.ActiveCfg = Release|Any CPU
		{4D04AA4C-39AE-4266-B0D0-67E806B500CC}.Release|Mixed Platforms.Build.0 = Release|Any CPU
		{4D04AA4C-39AE-4266-B0D0-67E806B500CC}.Release|x86.ActiveCfg = Release|Any CPU
		{4FC3AD8C-FCD7-40A4-BAF9-CFC4D4E786FD}.Ad-Hoc|Any CPU.ActiveCfg = Release|Any CPU
		{4FC3AD8C-FCD7-40A4-BAF9-CFC4D4E786FD}.Ad-Hoc|Any CPU.Build.0 = Release|Any CPU
		{4FC3AD8C-FCD7-40A4-BAF9-CFC4D4E786FD}.Ad-Hoc|Any CPU.Deploy.0 = Release|Any CPU
		{4FC3AD8C-FCD7-40A4-BAF9-CFC4D4E786FD}.Ad-Hoc|ARM.ActiveCfg = Release|Any CPU
		{4FC3AD8C-FCD7-40A4-BAF9-CFC4D4E786FD}.Ad-Hoc|iPhone.ActiveCfg = Release|Any CPU
		{4FC3AD8C-FCD7-40A4-BAF9-CFC4D4E786FD}.Ad-Hoc|iPhoneSimulator.ActiveCfg = Release|Any CPU
		{4FC3AD8C-FCD7-40A4-BAF9-CFC4D4E786FD}.Ad-Hoc|Mixed Platforms.ActiveCfg = Release|Any CPU
		{4FC3AD8C-FCD7-40A4-BAF9-CFC4D4E786FD}.Ad-Hoc|Mixed Platforms.Build.0 = Release|Any CPU
		{4FC3AD8C-FCD7-40A4-BAF9-CFC4D4E786FD}.Ad-Hoc|Mixed Platforms.Deploy.0 = Release|Any CPU
		{4FC3AD8C-FCD7-40A4-BAF9-CFC4D4E786FD}.Ad-Hoc|x86.ActiveCfg = Release|Any CPU
		{4FC3AD8C-FCD7-40A4-BAF9-CFC4D4E786FD}.AppStore|Any CPU.ActiveCfg = Release|Any CPU
		{4FC3AD8C-FCD7-40A4-BAF9-CFC4D4E786FD}.AppStore|Any CPU.Build.0 = Release|Any CPU
		{4FC3AD8C-FCD7-40A4-BAF9-CFC4D4E786FD}.AppStore|Any CPU.Deploy.0 = Release|Any CPU
		{4FC3AD8C-FCD7-40A4-BAF9-CFC4D4E786FD}.AppStore|ARM.ActiveCfg = Release|Any CPU
		{4FC3AD8C-FCD7-40A4-BAF9-CFC4D4E786FD}.AppStore|iPhone.ActiveCfg = Release|Any CPU
		{4FC3AD8C-FCD7-40A4-BAF9-CFC4D4E786FD}.AppStore|iPhoneSimulator.ActiveCfg = Release|Any CPU
		{4FC3AD8C-FCD7-40A4-BAF9-CFC4D4E786FD}.AppStore|Mixed Platforms.ActiveCfg = Release|Any CPU
		{4FC3AD8C-FCD7-40A4-BAF9-CFC4D4E786FD}.AppStore|Mixed Platforms.Build.0 = Release|Any CPU
		{4FC3AD8C-FCD7-40A4-BAF9-CFC4D4E786FD}.AppStore|Mixed Platforms.Deploy.0 = Release|Any CPU
		{4FC3AD8C-FCD7-40A4-BAF9-CFC4D4E786FD}.AppStore|x86.ActiveCfg = Release|Any CPU
		{4FC3AD8C-FCD7-40A4-BAF9-CFC4D4E786FD}.Debug|Any CPU.ActiveCfg = Debug|Any CPU
		{4FC3AD8C-FCD7-40A4-BAF9-CFC4D4E786FD}.Debug|Any CPU.Build.0 = Debug|Any CPU
		{4FC3AD8C-FCD7-40A4-BAF9-CFC4D4E786FD}.Debug|Any CPU.Deploy.0 = Debug|Any CPU
		{4FC3AD8C-FCD7-40A4-BAF9-CFC4D4E786FD}.Debug|ARM.ActiveCfg = Debug|Any CPU
		{4FC3AD8C-FCD7-40A4-BAF9-CFC4D4E786FD}.Debug|iPhone.ActiveCfg = Debug|Any CPU
		{4FC3AD8C-FCD7-40A4-BAF9-CFC4D4E786FD}.Debug|iPhoneSimulator.ActiveCfg = Debug|Any CPU
		{4FC3AD8C-FCD7-40A4-BAF9-CFC4D4E786FD}.Debug|Mixed Platforms.ActiveCfg = Debug|Any CPU
		{4FC3AD8C-FCD7-40A4-BAF9-CFC4D4E786FD}.Debug|Mixed Platforms.Build.0 = Debug|Any CPU
		{4FC3AD8C-FCD7-40A4-BAF9-CFC4D4E786FD}.Debug|Mixed Platforms.Deploy.0 = Debug|Any CPU
		{4FC3AD8C-FCD7-40A4-BAF9-CFC4D4E786FD}.Debug|x86.ActiveCfg = Debug|Any CPU
		{4FC3AD8C-FCD7-40A4-BAF9-CFC4D4E786FD}.Release|Any CPU.ActiveCfg = Release|Any CPU
		{4FC3AD8C-FCD7-40A4-BAF9-CFC4D4E786FD}.Release|Any CPU.Build.0 = Release|Any CPU
		{4FC3AD8C-FCD7-40A4-BAF9-CFC4D4E786FD}.Release|Any CPU.Deploy.0 = Release|Any CPU
		{4FC3AD8C-FCD7-40A4-BAF9-CFC4D4E786FD}.Release|ARM.ActiveCfg = Release|Any CPU
		{4FC3AD8C-FCD7-40A4-BAF9-CFC4D4E786FD}.Release|iPhone.ActiveCfg = Release|Any CPU
		{4FC3AD8C-FCD7-40A4-BAF9-CFC4D4E786FD}.Release|iPhoneSimulator.ActiveCfg = Release|Any CPU
		{4FC3AD8C-FCD7-40A4-BAF9-CFC4D4E786FD}.Release|Mixed Platforms.ActiveCfg = Release|Any CPU
		{4FC3AD8C-FCD7-40A4-BAF9-CFC4D4E786FD}.Release|Mixed Platforms.Build.0 = Release|Any CPU
		{4FC3AD8C-FCD7-40A4-BAF9-CFC4D4E786FD}.Release|Mixed Platforms.Deploy.0 = Release|Any CPU
		{4FC3AD8C-FCD7-40A4-BAF9-CFC4D4E786FD}.Release|x86.ActiveCfg = Release|Any CPU
		{6F5DB9AB-36C3-4213-9383-530E3FBECE05}.Ad-Hoc|Any CPU.ActiveCfg = Release|Any CPU
		{6F5DB9AB-36C3-4213-9383-530E3FBECE05}.Ad-Hoc|Any CPU.Build.0 = Release|Any CPU
		{6F5DB9AB-36C3-4213-9383-530E3FBECE05}.Ad-Hoc|ARM.ActiveCfg = Release|Any CPU
		{6F5DB9AB-36C3-4213-9383-530E3FBECE05}.Ad-Hoc|iPhone.ActiveCfg = Release|Any CPU
		{6F5DB9AB-36C3-4213-9383-530E3FBECE05}.Ad-Hoc|iPhoneSimulator.ActiveCfg = Release|Any CPU
		{6F5DB9AB-36C3-4213-9383-530E3FBECE05}.Ad-Hoc|Mixed Platforms.ActiveCfg = Release|Any CPU
		{6F5DB9AB-36C3-4213-9383-530E3FBECE05}.Ad-Hoc|Mixed Platforms.Build.0 = Release|Any CPU
		{6F5DB9AB-36C3-4213-9383-530E3FBECE05}.Ad-Hoc|x86.ActiveCfg = Release|Any CPU
		{6F5DB9AB-36C3-4213-9383-530E3FBECE05}.AppStore|Any CPU.ActiveCfg = Release|Any CPU
		{6F5DB9AB-36C3-4213-9383-530E3FBECE05}.AppStore|Any CPU.Build.0 = Release|Any CPU
		{6F5DB9AB-36C3-4213-9383-530E3FBECE05}.AppStore|ARM.ActiveCfg = Release|Any CPU
		{6F5DB9AB-36C3-4213-9383-530E3FBECE05}.AppStore|iPhone.ActiveCfg = Release|Any CPU
		{6F5DB9AB-36C3-4213-9383-530E3FBECE05}.AppStore|iPhoneSimulator.ActiveCfg = Release|Any CPU
		{6F5DB9AB-36C3-4213-9383-530E3FBECE05}.AppStore|Mixed Platforms.ActiveCfg = Release|Any CPU
		{6F5DB9AB-36C3-4213-9383-530E3FBECE05}.AppStore|Mixed Platforms.Build.0 = Release|Any CPU
		{6F5DB9AB-36C3-4213-9383-530E3FBECE05}.AppStore|x86.ActiveCfg = Release|Any CPU
		{6F5DB9AB-36C3-4213-9383-530E3FBECE05}.Debug|Any CPU.ActiveCfg = Debug|Any CPU
		{6F5DB9AB-36C3-4213-9383-530E3FBECE05}.Debug|Any CPU.Build.0 = Debug|Any CPU
		{6F5DB9AB-36C3-4213-9383-530E3FBECE05}.Debug|ARM.ActiveCfg = Debug|Any CPU
		{6F5DB9AB-36C3-4213-9383-530E3FBECE05}.Debug|iPhone.ActiveCfg = Debug|Any CPU
		{6F5DB9AB-36C3-4213-9383-530E3FBECE05}.Debug|iPhone.Build.0 = Debug|Any CPU
		{6F5DB9AB-36C3-4213-9383-530E3FBECE05}.Debug|iPhoneSimulator.ActiveCfg = Debug|Any CPU
		{6F5DB9AB-36C3-4213-9383-530E3FBECE05}.Debug|Mixed Platforms.ActiveCfg = Debug|Any CPU
		{6F5DB9AB-36C3-4213-9383-530E3FBECE05}.Debug|Mixed Platforms.Build.0 = Debug|Any CPU
		{6F5DB9AB-36C3-4213-9383-530E3FBECE05}.Debug|x86.ActiveCfg = Debug|Any CPU
		{6F5DB9AB-36C3-4213-9383-530E3FBECE05}.Release|Any CPU.ActiveCfg = Release|Any CPU
		{6F5DB9AB-36C3-4213-9383-530E3FBECE05}.Release|Any CPU.Build.0 = Release|Any CPU
		{6F5DB9AB-36C3-4213-9383-530E3FBECE05}.Release|ARM.ActiveCfg = Release|Any CPU
		{6F5DB9AB-36C3-4213-9383-530E3FBECE05}.Release|iPhone.ActiveCfg = Release|Any CPU
		{6F5DB9AB-36C3-4213-9383-530E3FBECE05}.Release|iPhoneSimulator.ActiveCfg = Release|Any CPU
		{6F5DB9AB-36C3-4213-9383-530E3FBECE05}.Release|Mixed Platforms.ActiveCfg = Release|Any CPU
		{6F5DB9AB-36C3-4213-9383-530E3FBECE05}.Release|Mixed Platforms.Build.0 = Release|Any CPU
		{6F5DB9AB-36C3-4213-9383-530E3FBECE05}.Release|x86.ActiveCfg = Release|Any CPU
		{7A8EF25E-0ACF-4301-9E39-E31CE3EA95A4}.Ad-Hoc|Any CPU.ActiveCfg = Ad-Hoc|iPhone
		{7A8EF25E-0ACF-4301-9E39-E31CE3EA95A4}.Ad-Hoc|ARM.ActiveCfg = Ad-Hoc|iPhone
		{7A8EF25E-0ACF-4301-9E39-E31CE3EA95A4}.Ad-Hoc|iPhone.ActiveCfg = Ad-Hoc|iPhone
		{7A8EF25E-0ACF-4301-9E39-E31CE3EA95A4}.Ad-Hoc|iPhone.Build.0 = Ad-Hoc|iPhone
		{7A8EF25E-0ACF-4301-9E39-E31CE3EA95A4}.Ad-Hoc|iPhoneSimulator.ActiveCfg = Ad-Hoc|iPhoneSimulator
		{7A8EF25E-0ACF-4301-9E39-E31CE3EA95A4}.Ad-Hoc|iPhoneSimulator.Build.0 = Ad-Hoc|iPhoneSimulator
		{7A8EF25E-0ACF-4301-9E39-E31CE3EA95A4}.Ad-Hoc|Mixed Platforms.ActiveCfg = Ad-Hoc|iPhone
		{7A8EF25E-0ACF-4301-9E39-E31CE3EA95A4}.Ad-Hoc|Mixed Platforms.Build.0 = Ad-Hoc|iPhone
		{7A8EF25E-0ACF-4301-9E39-E31CE3EA95A4}.Ad-Hoc|Mixed Platforms.Deploy.0 = Ad-Hoc|iPhone
		{7A8EF25E-0ACF-4301-9E39-E31CE3EA95A4}.Ad-Hoc|x86.ActiveCfg = Ad-Hoc|iPhone
		{7A8EF25E-0ACF-4301-9E39-E31CE3EA95A4}.AppStore|Any CPU.ActiveCfg = AppStore|iPhone
		{7A8EF25E-0ACF-4301-9E39-E31CE3EA95A4}.AppStore|ARM.ActiveCfg = AppStore|iPhone
		{7A8EF25E-0ACF-4301-9E39-E31CE3EA95A4}.AppStore|iPhone.ActiveCfg = AppStore|iPhone
		{7A8EF25E-0ACF-4301-9E39-E31CE3EA95A4}.AppStore|iPhone.Build.0 = AppStore|iPhone
		{7A8EF25E-0ACF-4301-9E39-E31CE3EA95A4}.AppStore|iPhoneSimulator.ActiveCfg = AppStore|iPhoneSimulator
		{7A8EF25E-0ACF-4301-9E39-E31CE3EA95A4}.AppStore|iPhoneSimulator.Build.0 = AppStore|iPhoneSimulator
		{7A8EF25E-0ACF-4301-9E39-E31CE3EA95A4}.AppStore|Mixed Platforms.ActiveCfg = AppStore|iPhone
		{7A8EF25E-0ACF-4301-9E39-E31CE3EA95A4}.AppStore|Mixed Platforms.Build.0 = AppStore|iPhone
		{7A8EF25E-0ACF-4301-9E39-E31CE3EA95A4}.AppStore|Mixed Platforms.Deploy.0 = AppStore|iPhone
		{7A8EF25E-0ACF-4301-9E39-E31CE3EA95A4}.AppStore|x86.ActiveCfg = AppStore|iPhone
		{7A8EF25E-0ACF-4301-9E39-E31CE3EA95A4}.Debug|Any CPU.ActiveCfg = Debug|iPhone
		{7A8EF25E-0ACF-4301-9E39-E31CE3EA95A4}.Debug|Any CPU.Build.0 = Debug|iPhone
		{7A8EF25E-0ACF-4301-9E39-E31CE3EA95A4}.Debug|ARM.ActiveCfg = Debug|iPhone
		{7A8EF25E-0ACF-4301-9E39-E31CE3EA95A4}.Debug|iPhone.ActiveCfg = Debug|iPhone
		{7A8EF25E-0ACF-4301-9E39-E31CE3EA95A4}.Debug|iPhone.Build.0 = Debug|iPhone
		{7A8EF25E-0ACF-4301-9E39-E31CE3EA95A4}.Debug|iPhoneSimulator.ActiveCfg = Debug|iPhoneSimulator
		{7A8EF25E-0ACF-4301-9E39-E31CE3EA95A4}.Debug|iPhoneSimulator.Build.0 = Debug|iPhoneSimulator
		{7A8EF25E-0ACF-4301-9E39-E31CE3EA95A4}.Debug|Mixed Platforms.ActiveCfg = Debug|iPhone
		{7A8EF25E-0ACF-4301-9E39-E31CE3EA95A4}.Debug|Mixed Platforms.Build.0 = Debug|iPhone
		{7A8EF25E-0ACF-4301-9E39-E31CE3EA95A4}.Debug|Mixed Platforms.Deploy.0 = Debug|iPhone
		{7A8EF25E-0ACF-4301-9E39-E31CE3EA95A4}.Debug|x86.ActiveCfg = Debug|iPhone
		{7A8EF25E-0ACF-4301-9E39-E31CE3EA95A4}.Release|Any CPU.ActiveCfg = Release|iPhone
		{7A8EF25E-0ACF-4301-9E39-E31CE3EA95A4}.Release|ARM.ActiveCfg = Release|iPhone
		{7A8EF25E-0ACF-4301-9E39-E31CE3EA95A4}.Release|iPhone.ActiveCfg = Release|iPhone
		{7A8EF25E-0ACF-4301-9E39-E31CE3EA95A4}.Release|iPhone.Build.0 = Release|iPhone
		{7A8EF25E-0ACF-4301-9E39-E31CE3EA95A4}.Release|iPhoneSimulator.ActiveCfg = Release|iPhoneSimulator
		{7A8EF25E-0ACF-4301-9E39-E31CE3EA95A4}.Release|iPhoneSimulator.Build.0 = Release|iPhoneSimulator
		{7A8EF25E-0ACF-4301-9E39-E31CE3EA95A4}.Release|Mixed Platforms.ActiveCfg = Release|iPhone
		{7A8EF25E-0ACF-4301-9E39-E31CE3EA95A4}.Release|Mixed Platforms.Build.0 = Release|iPhone
		{7A8EF25E-0ACF-4301-9E39-E31CE3EA95A4}.Release|Mixed Platforms.Deploy.0 = Release|iPhone
		{7A8EF25E-0ACF-4301-9E39-E31CE3EA95A4}.Release|x86.ActiveCfg = Release|iPhone
		{FE14CFAC-2930-42C8-8070-E8BE69426A1A}.Ad-Hoc|Any CPU.ActiveCfg = Release|Any CPU
		{FE14CFAC-2930-42C8-8070-E8BE69426A1A}.Ad-Hoc|ARM.ActiveCfg = Release|ARM
		{FE14CFAC-2930-42C8-8070-E8BE69426A1A}.Ad-Hoc|iPhone.ActiveCfg = Release|Any CPU
		{FE14CFAC-2930-42C8-8070-E8BE69426A1A}.Ad-Hoc|iPhoneSimulator.ActiveCfg = Release|Any CPU
		{FE14CFAC-2930-42C8-8070-E8BE69426A1A}.Ad-Hoc|Mixed Platforms.ActiveCfg = Release|x86
		{FE14CFAC-2930-42C8-8070-E8BE69426A1A}.Ad-Hoc|x86.ActiveCfg = Release|x86
		{FE14CFAC-2930-42C8-8070-E8BE69426A1A}.AppStore|Any CPU.ActiveCfg = Release|Any CPU
		{FE14CFAC-2930-42C8-8070-E8BE69426A1A}.AppStore|ARM.ActiveCfg = Release|ARM
		{FE14CFAC-2930-42C8-8070-E8BE69426A1A}.AppStore|iPhone.ActiveCfg = Release|Any CPU
		{FE14CFAC-2930-42C8-8070-E8BE69426A1A}.AppStore|iPhoneSimulator.ActiveCfg = Release|Any CPU
		{FE14CFAC-2930-42C8-8070-E8BE69426A1A}.AppStore|Mixed Platforms.ActiveCfg = Release|x86
		{FE14CFAC-2930-42C8-8070-E8BE69426A1A}.AppStore|x86.ActiveCfg = Release|x86
		{FE14CFAC-2930-42C8-8070-E8BE69426A1A}.Debug|Any CPU.ActiveCfg = Debug|Any CPU
		{FE14CFAC-2930-42C8-8070-E8BE69426A1A}.Debug|Any CPU.Build.0 = Debug|Any CPU
		{FE14CFAC-2930-42C8-8070-E8BE69426A1A}.Debug|Any CPU.Deploy.0 = Debug|Any CPU
		{FE14CFAC-2930-42C8-8070-E8BE69426A1A}.Debug|ARM.ActiveCfg = Debug|ARM
		{FE14CFAC-2930-42C8-8070-E8BE69426A1A}.Debug|ARM.Build.0 = Debug|ARM
		{FE14CFAC-2930-42C8-8070-E8BE69426A1A}.Debug|ARM.Deploy.0 = Debug|ARM
		{FE14CFAC-2930-42C8-8070-E8BE69426A1A}.Debug|iPhone.ActiveCfg = Debug|Any CPU
		{FE14CFAC-2930-42C8-8070-E8BE69426A1A}.Debug|iPhoneSimulator.ActiveCfg = Debug|Any CPU
		{FE14CFAC-2930-42C8-8070-E8BE69426A1A}.Debug|Mixed Platforms.ActiveCfg = Debug|x86
		{FE14CFAC-2930-42C8-8070-E8BE69426A1A}.Debug|x86.ActiveCfg = Debug|x86
		{FE14CFAC-2930-42C8-8070-E8BE69426A1A}.Debug|x86.Build.0 = Debug|x86
		{FE14CFAC-2930-42C8-8070-E8BE69426A1A}.Debug|x86.Deploy.0 = Debug|x86
		{FE14CFAC-2930-42C8-8070-E8BE69426A1A}.Release|Any CPU.ActiveCfg = Release|Any CPU
		{FE14CFAC-2930-42C8-8070-E8BE69426A1A}.Release|Any CPU.Build.0 = Release|Any CPU
		{FE14CFAC-2930-42C8-8070-E8BE69426A1A}.Release|Any CPU.Deploy.0 = Release|Any CPU
		{FE14CFAC-2930-42C8-8070-E8BE69426A1A}.Release|ARM.ActiveCfg = Release|ARM
		{FE14CFAC-2930-42C8-8070-E8BE69426A1A}.Release|ARM.Build.0 = Release|ARM
		{FE14CFAC-2930-42C8-8070-E8BE69426A1A}.Release|ARM.Deploy.0 = Release|ARM
		{FE14CFAC-2930-42C8-8070-E8BE69426A1A}.Release|iPhone.ActiveCfg = Release|Any CPU
		{FE14CFAC-2930-42C8-8070-E8BE69426A1A}.Release|iPhoneSimulator.ActiveCfg = Release|Any CPU
		{FE14CFAC-2930-42C8-8070-E8BE69426A1A}.Release|Mixed Platforms.ActiveCfg = Release|x86
		{FE14CFAC-2930-42C8-8070-E8BE69426A1A}.Release|x86.ActiveCfg = Release|x86
		{FE14CFAC-2930-42C8-8070-E8BE69426A1A}.Release|x86.Build.0 = Release|x86
		{FE14CFAC-2930-42C8-8070-E8BE69426A1A}.Release|x86.Deploy.0 = Release|x86
	EndGlobalSection
	GlobalSection(MonoDevelopProperties) = preSolution
		StartupItem = FindBack.Touch\FindBack.Touch.csproj
	EndGlobalSection
	GlobalSection(SolutionProperties) = preSolution
		HideSolutionNode = FALSE
	EndGlobalSection
EndGlobal
